// !$*UTF8*$!
{
	archiveVersion = 1;
	classes = {
	};
	objectVersion = 56;
	objects = {

/* Begin PBXBuildFile section */
		5C1293E72A56BFB10018878E /* ScrollViewPreferenceKey.swift in Sources */ = {isa = PBXBuildFile; fileRef = 5C1293E62A56BFB10018878E /* ScrollViewPreferenceKey.swift */; };
		5C1293EA2A56C6680018878E /* View+onRotate.swift in Sources */ = {isa = PBXBuildFile; fileRef = 5C1293E92A56C6680018878E /* View+onRotate.swift */; };
		5C8B86A92A55AD790085F378 /* BackgroundedScrollView.swift in Sources */ = {isa = PBXBuildFile; fileRef = 5C8B86A82A55AD790085F378 /* BackgroundedScrollView.swift */; };
		5CB729682A557AC400B7FCD4 /* ScrollViewDynamicBackgroundApp.swift in Sources */ = {isa = PBXBuildFile; fileRef = 5CB729672A557AC400B7FCD4 /* ScrollViewDynamicBackgroundApp.swift */; };
		5CB7296A2A557AC400B7FCD4 /* ContentView.swift in Sources */ = {isa = PBXBuildFile; fileRef = 5CB729692A557AC400B7FCD4 /* ContentView.swift */; };
		5CB7296C2A557AC500B7FCD4 /* Assets.xcassets in Resources */ = {isa = PBXBuildFile; fileRef = 5CB7296B2A557AC500B7FCD4 /* Assets.xcassets */; };
		5CB7296F2A557AC500B7FCD4 /* Preview Assets.xcassets in Resources */ = {isa = PBXBuildFile; fileRef = 5CB7296E2A557AC500B7FCD4 /* Preview Assets.xcassets */; };
/* End PBXBuildFile section */

/* Begin PBXFileReference section */
		5C1293E62A56BFB10018878E /* ScrollViewPreferenceKey.swift */ = {isa = PBXFileReference; lastKnownFileType = sourcecode.swift; path = ScrollViewPreferenceKey.swift; sourceTree = "<group>"; };
		5C1293E92A56C6680018878E /* View+onRotate.swift */ = {isa = PBXFileReference; lastKnownFileType = sourcecode.swift; path = "View+onRotate.swift"; sourceTree = "<group>"; };
		5C8B86A82A55AD790085F378 /* BackgroundedScrollView.swift */ = {isa = PBXFileReference; lastKnownFileType = sourcecode.swift; path = BackgroundedScrollView.swift; sourceTree = "<group>"; };
		5CB729642A557AC400B7FCD4 /* ScrollViewDynamicBackground.app */ = {isa = PBXFileReference; explicitFileType = wrapper.application; includeInIndex = 0; path = ScrollViewDynamicBackground.app; sourceTree = BUILT_PRODUCTS_DIR; };
		5CB729672A557AC400B7FCD4 /* ScrollViewDynamicBackgroundApp.swift */ = {isa = PBXFileReference; lastKnownFileType = sourcecode.swift; path = ScrollViewDynamicBackgroundApp.swift; sourceTree = "<group>"; };
		5CB729692A557AC400B7FCD4 /* ContentView.swift */ = {isa = PBXFileReference; lastKnownFileType = sourcecode.swift; path = ContentView.swift; sourceTree = "<group>"; };
		5CB7296B2A557AC500B7FCD4 /* Assets.xcassets */ = {isa = PBXFileReference; lastKnownFileType = folder.assetcatalog; path = Assets.xcassets; sourceTree = "<group>"; };
		5CB7296E2A557AC500B7FCD4 /* Preview Assets.xcassets */ = {isa = PBXFileReference; lastKnownFileType = folder.assetcatalog; path = "Preview Assets.xcassets"; sourceTree = "<group>"; };
/* End PBXFileReference section */

/* Begin PBXFrameworksBuildPhase section */
		5CB729612A557AC400B7FCD4 /* Frameworks */ = {
			isa = PBXFrameworksBuildPhase;
			buildActionMask = 2147483647;
			files = (
			);
			runOnlyForDeploymentPostprocessing = 0;
		};
/* End PBXFrameworksBuildPhase section */

/* Begin PBXGroup section */
		5C1293E52A56BFA00018878E /* PreferenceKeys */ = {
			isa = PBXGroup;
			children = (
				5C1293E62A56BFB10018878E /* ScrollViewPreferenceKey.swift */,
			);
			path = PreferenceKeys;
			sourceTree = "<group>";
		};
		5C1293E82A56C65A0018878E /* Extensions */ = {
			isa = PBXGroup;
			children = (
				5C1293E92A56C6680018878E /* View+onRotate.swift */,
			);
			path = Extensions;
			sourceTree = "<group>";
		};
		5CB7295B2A557AC400B7FCD4 = {
			isa = PBXGroup;
			children = (
				5CB729662A557AC400B7FCD4 /* ScrollViewDynamicBackground */,
				5CB729652A557AC400B7FCD4 /* Products */,
			);
			sourceTree = "<group>";
		};
		5CB729652A557AC400B7FCD4 /* Products */ = {
			isa = PBXGroup;
			children = (
				5CB729642A557AC400B7FCD4 /* ScrollViewDynamicBackground.app */,
			);
			name = Products;
			sourceTree = "<group>";
		};
		5CB729662A557AC400B7FCD4 /* ScrollViewDynamicBackground */ = {
			isa = PBXGroup;
			children = (
				5C1293E82A56C65A0018878E /* Extensions */,
				5C1293E52A56BFA00018878E /* PreferenceKeys */,
				5C8B86A82A55AD790085F378 /* BackgroundedScrollView.swift */,
				5CB729692A557AC400B7FCD4 /* ContentView.swift */,
				5CB729672A557AC400B7FCD4 /* ScrollViewDynamicBackgroundApp.swift */,
				5CB7296B2A557AC500B7FCD4 /* Assets.xcassets */,
				5CB7296D2A557AC500B7FCD4 /* Preview Content */,
			);
			path = ScrollViewDynamicBackground;
			sourceTree = "<group>";
		};
		5CB7296D2A557AC500B7FCD4 /* Preview Content */ = {
			isa = PBXGroup;
			children = (
				5CB7296E2A557AC500B7FCD4 /* Preview Assets.xcassets */,
			);
			path = "Preview Content";
			sourceTree = "<group>";
		};
/* End PBXGroup section */

/* Begin PBXNativeTarget section */
		5CB729632A557AC400B7FCD4 /* ScrollViewDynamicBackground */ = {
			isa = PBXNativeTarget;
			buildConfigurationList = 5CB729722A557AC500B7FCD4 /* Build configuration list for PBXNativeTarget "ScrollViewDynamicBackground" */;
			buildPhases = (
				5CB729602A557AC400B7FCD4 /* Sources */,
				5CB729612A557AC400B7FCD4 /* Frameworks */,
				5CB729622A557AC400B7FCD4 /* Resources */,
			);
			buildRules = (
			);
			dependencies = (
			);
			name = ScrollViewDynamicBackground;
			productName = ScrollViewDynamicBackground;
			productReference = 5CB729642A557AC400B7FCD4 /* ScrollViewDynamicBackground.app */;
			productType = "com.apple.product-type.application";
		};
/* End PBXNativeTarget section */

/* Begin PBXProject section */
		5CB7295C2A557AC400B7FCD4 /* Project object */ = {
			isa = PBXProject;
			attributes = {
				BuildIndependentTargetsInParallel = 1;
				LastSwiftUpdateCheck = 1430;
				LastUpgradeCheck = 1430;
				TargetAttributes = {
					5CB729632A557AC400B7FCD4 = {
						CreatedOnToolsVersion = 14.3.1;
					};
				};
			};
			buildConfigurationList = 5CB7295F2A557AC400B7FCD4 /* Build configuration list for PBXProject "ScrollViewDynamicBackground" */;
			compatibilityVersion = "Xcode 14.0";
			developmentRegion = en;
			hasScannedForEncodings = 0;
			knownRegions = (
				en,
				Base,
			);
			mainGroup = 5CB7295B2A557AC400B7FCD4;
			productRefGroup = 5CB729652A557AC400B7FCD4 /* Products */;
			projectDirPath = "";
			projectRoot = "";
			targets = (
				5CB729632A557AC400B7FCD4 /* ScrollViewDynamicBackground */,
			);
		};
/* End PBXProject section */

/* Begin PBXResourcesBuildPhase section */
		5CB729622A557AC400B7FCD4 /* Resources */ = {
			isa = PBXResourcesBuildPhase;
			buildActionMask = 2147483647;
			files = (
				5CB7296F2A557AC500B7FCD4 /* Preview Assets.xcassets in Resources */,
				5CB7296C2A557AC500B7FCD4 /* Assets.xcassets in Resources */,
			);
			runOnlyForDeploymentPostprocessing = 0;
		};
/* End PBXResourcesBuildPhase section */

/* Begin PBXSourcesBuildPhase section */
		5CB729602A557AC400B7FCD4 /* Sources */ = {
			isa = PBXSourcesBuildPhase;
			buildActionMask = 2147483647;
			files = (
				5CB7296A2A557AC400B7FCD4 /* ContentView.swift in Sources */,
				5CB729682A557AC400B7FCD4 /* ScrollViewDynamicBackgroundApp.swift in Sources */,
				5C8B86A92A55AD790085F378 /* BackgroundedScrollView.swift in Sources */,
				5C1293EA2A56C6680018878E /* View+onRotate.swift in Sources */,
				5C1293E72A56BFB10018878E /* ScrollViewPreferenceKey.swift in Sources */,
			);
			runOnlyForDeploymentPostprocessing = 0;
		};
/* End PBXSourcesBuildPhase section */

/* Begin XCBuildConfiguration section */
		5CB729702A557AC500B7FCD4 /* Debug */ = {
			isa = XCBuildConfiguration;
			buildSettings = {
				ALWAYS_SEARCH_USER_PATHS = NO;
				CLANG_ANALYZER_NONNULL = YES;
				CLANG_ANALYZER_NUMBER_OBJECT_CONVERSION = YES_AGGRESSIVE;
				CLANG_CXX_LANGUAGE_STANDARD = "gnu++20";
				CLANG_ENABLE_MODULES = YES;
				CLANG_ENABLE_OBJC_ARC = YES;
				CLANG_ENABLE_OBJC_WEAK = YES;
				CLANG_WARN_BLOCK_CAPTURE_AUTORELEASING = YES;
				CLANG_WARN_BOOL_CONVERSION = YES;
				CLANG_WARN_COMMA = YES;
				CLANG_WARN_CONSTANT_CONVERSION = YES;
				CLANG_WARN_DEPRECATED_OBJC_IMPLEMENTATIONS = YES;
				CLANG_WARN_DIRECT_OBJC_ISA_USAGE = YES_ERROR;
				CLANG_WARN_DOCUMENTATION_COMMENTS = YES;
				CLANG_WARN_EMPTY_BODY = YES;
				CLANG_WARN_ENUM_CONVERSION = YES;
				CLANG_WARN_INFINITE_RECURSION = YES;
				CLANG_WARN_INT_CONVERSION = YES;
				CLANG_WARN_NON_LITERAL_NULL_CONVERSION = YES;
				CLANG_WARN_OBJC_IMPLICIT_RETAIN_SELF = YES;
				CLANG_WARN_OBJC_LITERAL_CONVERSION = YES;
				CLANG_WARN_OBJC_ROOT_CLASS = YES_ERROR;
				CLANG_WARN_QUOTED_INCLUDE_IN_FRAMEWORK_HEADER = YES;
				CLANG_WARN_RANGE_LOOP_ANALYSIS = YES;
				CLANG_WARN_STRICT_PROTOTYPES = YES;
				CLANG_WARN_SUSPICIOUS_MOVE = YES;
				CLANG_WARN_UNGUARDED_AVAILABILITY = YES_AGGRESSIVE;
				CLANG_WARN_UNREACHABLE_CODE = YES;
				CLANG_WARN__DUPLICATE_METHOD_MATCH = YES;
				COPY_PHASE_STRIP = NO;
				DEBUG_INFORMATION_FORMAT = dwarf;
				ENABLE_STRICT_OBJC_MSGSEND = YES;
				ENABLE_TESTABILITY = YES;
				GCC_C_LANGUAGE_STANDARD = gnu11;
				GCC_DYNAMIC_NO_PIC = NO;
				GCC_NO_COMMON_BLOCKS = YES;
				GCC_OPTIMIZATION_LEVEL = 0;
				GCC_PREPROCESSOR_DEFINITIONS = (
					"DEBUG=1",
					"$(inherited)",
				);
				GCC_WARN_64_TO_32_BIT_CONVERSION = YES;
				GCC_WARN_ABOUT_RETURN_TYPE = YES_ERROR;
				GCC_WARN_UNDECLARED_SELECTOR = YES;
				GCC_WARN_UNINITIALIZED_AUTOS = YES_AGGRESSIVE;
				GCC_WARN_UNUSED_FUNCTION = YES;
				GCC_WARN_UNUSED_VARIABLE = YES;
				IPHONEOS_DEPLOYMENT_TARGET = 16.4;
				MTL_ENABLE_DEBUG_INFO = INCLUDE_SOURCE;
				MTL_FAST_MATH = YES;
				ONLY_ACTIVE_ARCH = YES;
				SDKROOT = iphoneos;
				SWIFT_ACTIVE_COMPILATION_CONDITIONS = DEBUG;
				SWIFT_OPTIMIZATION_LEVEL = "-Onone";
			};
			name = Debug;
		};
		5CB729712A557AC500B7FCD4 /* Release */ = {
			isa = XCBuildConfiguration;
			buildSettings = {
				ALWAYS_SEARCH_USER_PATHS = NO;
				CLANG_ANALYZER_NONNULL = YES;
				CLANG_ANALYZER_NUMBER_OBJECT_CONVERSION = YES_AGGRESSIVE;
				CLANG_CXX_LANGUAGE_STANDARD = "gnu++20";
				CLANG_ENABLE_MODULES = YES;
				CLANG_ENABLE_OBJC_ARC = YES;
				CLANG_ENABLE_OBJC_WEAK = YES;
				CLANG_WARN_BLOCK_CAPTURE_AUTORELEASING = YES;
				CLANG_WARN_BOOL_CONVERSION = YES;
				CLANG_WARN_COMMA = YES;
				CLANG_WARN_CONSTANT_CONVERSION = YES;
				CLANG_WARN_DEPRECATED_OBJC_IMPLEMENTATIONS = YES;
				CLANG_WARN_DIRECT_OBJC_ISA_USAGE = YES_ERROR;
				CLANG_WARN_DOCUMENTATION_COMMENTS = YES;
				CLANG_WARN_EMPTY_BODY = YES;
				CLANG_WARN_ENUM_CONVERSION = YES;
				CLANG_WARN_INFINITE_RECURSION = YES;
				CLANG_WARN_INT_CONVERSION = YES;
				CLANG_WARN_NON_LITERAL_NULL_CONVERSION = YES;
				CLANG_WARN_OBJC_IMPLICIT_RETAIN_SELF = YES;
				CLANG_WARN_OBJC_LITERAL_CONVERSION = YES;
				CLANG_WARN_OBJC_ROOT_CLASS = YES_ERROR;
				CLANG_WARN_QUOTED_INCLUDE_IN_FRAMEWORK_HEADER = YES;
				CLANG_WARN_RANGE_LOOP_ANALYSIS = YES;
				CLANG_WARN_STRICT_PROTOTYPES = YES;
				CLANG_WARN_SUSPICIOUS_MOVE = YES;
				CLANG_WARN_UNGUARDED_AVAILABILITY = YES_AGGRESSIVE;
				CLANG_WARN_UNREACHABLE_CODE = YES;
				CLANG_WARN__DUPLICATE_METHOD_MATCH = YES;
				COPY_PHASE_STRIP = NO;
				DEBUG_INFORMATION_FORMAT = "dwarf-with-dsym";
				ENABLE_NS_ASSERTIONS = NO;
				ENABLE_STRICT_OBJC_MSGSEND = YES;
				GCC_C_LANGUAGE_STANDARD = gnu11;
				GCC_NO_COMMON_BLOCKS = YES;
				GCC_WARN_64_TO_32_BIT_CONVERSION = YES;
				GCC_WARN_ABOUT_RETURN_TYPE = YES_ERROR;
				GCC_WARN_UNDECLARED_SELECTOR = YES;
				GCC_WARN_UNINITIALIZED_AUTOS = YES_AGGRESSIVE;
				GCC_WARN_UNUSED_FUNCTION = YES;
				GCC_WARN_UNUSED_VARIABLE = YES;
				IPHONEOS_DEPLOYMENT_TARGET = 16.4;
				MTL_ENABLE_DEBUG_INFO = NO;
				MTL_FAST_MATH = YES;
				SDKROOT = iphoneos;
				SWIFT_COMPILATION_MODE = wholemodule;
				SWIFT_OPTIMIZATION_LEVEL = "-O";
				VALIDATE_PRODUCT = YES;
			};
			name = Release;
		};
		5CB729732A557AC500B7FCD4 /* Debug */ = {
			isa = XCBuildConfiguration;
			buildSettings = {
				ASSETCATALOG_COMPILER_APPICON_NAME = AppIcon;
				ASSETCATALOG_COMPILER_GLOBAL_ACCENT_COLOR_NAME = AccentColor;
				CODE_SIGN_STYLE = Automatic;
				CURRENT_PROJECT_VERSION = 1;
				DEVELOPMENT_ASSET_PATHS = "\"ScrollViewDynamicBackground/Preview Content\"";
				DEVELOPMENT_TEAM = TG5M9A8L6P;
				ENABLE_PREVIEWS = YES;
				GENERATE_INFOPLIST_FILE = YES;
				INFOPLIST_KEY_UIApplicationSceneManifest_Generation = YES;
				INFOPLIST_KEY_UIApplicationSupportsIndirectInputEvents = YES;
				INFOPLIST_KEY_UILaunchScreen_Generation = YES;
				INFOPLIST_KEY_UISupportedInterfaceOrientations_iPad = "UIInterfaceOrientationPortrait UIInterfaceOrientationPortraitUpsideDown UIInterfaceOrientationLandscapeLeft UIInterfaceOrientationLandscapeRight";
				INFOPLIST_KEY_UISupportedInterfaceOrientations_iPhone = "UIInterfaceOrientationPortrait UIInterfaceOrientationLandscapeLeft UIInterfaceOrientationLandscapeRight";
				LD_RUNPATH_SEARCH_PATHS = (
					"$(inherited)",
					"@executable_path/Frameworks",
				);
				MARKETING_VERSION = 1.0;
				PRODUCT_BUNDLE_IDENTIFIER = com.perso.ScrollViewDynamicBackground;
				PRODUCT_NAME = "$(TARGET_NAME)";
				SWIFT_EMIT_LOC_STRINGS = YES;
				SWIFT_VERSION = 5.0;
				TARGETED_DEVICE_FAMILY = "1,2";
			};
			name = Debug;
		};
		5CB729742A557AC500B7FCD4 /* Release */ = {
			isa = XCBuildConfiguration;
			buildSettings = {
				ASSETCATALOG_COMPILER_APPICON_NAME = AppIcon;
				ASSETCATALOG_COMPILER_GLOBAL_ACCENT_COLOR_NAME = AccentColor;
				CODE_SIGN_STYLE = Automatic;
				CURRENT_PROJECT_VERSION = 1;
				DEVELOPMENT_ASSET_PATHS = "\"ScrollViewDynamicBackground/Preview Content\"";
				DEVELOPMENT_TEAM = TG5M9A8L6P;
				ENABLE_PREVIEWS = YES;
				GENERATE_INFOPLIST_FILE = YES;
				INFOPLIST_KEY_UIApplicationSceneManifest_Generation = YES;
				INFOPLIST_KEY_UIApplicationSupportsIndirectInputEvents = YES;
				INFOPLIST_KEY_UILaunchScreen_Generation = YES;
				INFOPLIST_KEY_UISupportedInterfaceOrientations_iPad = "UIInterfaceOrientationPortrait UIInterfaceOrientationPortraitUpsideDown UIInterfaceOrientationLandscapeLeft UIInterfaceOrientationLandscapeRight";
				INFOPLIST_KEY_UISupportedInterfaceOrientations_iPhone = "UIInterfaceOrientationPortrait UIInterfaceOrientationLandscapeLeft UIInterfaceOrientationLandscapeRight";
				LD_RUNPATH_SEARCH_PATHS = (
					"$(inherited)",
					"@executable_path/Frameworks",
				);
				MARKETING_VERSION = 1.0;
				PRODUCT_BUNDLE_IDENTIFIER = com.perso.ScrollViewDynamicBackground;
				PRODUCT_NAME = "$(TARGET_NAME)";
				SWIFT_EMIT_LOC_STRINGS = YES;
				SWIFT_VERSION = 5.0;
				TARGETED_DEVICE_FAMILY = "1,2";
			};
			name = Release;
		};
/* End XCBuildConfiguration section */

/* Begin XCConfigurationList section */
		5CB7295F2A557AC400B7FCD4 /* Build configuration list for PBXProject "ScrollViewDynamicBackground" */ = {
			isa = XCConfigurationList;
			buildConfigurations = (
				5CB729702A557AC500B7FCD4 /* Debug */,
				5CB729712A557AC500B7FCD4 /* Release */,
			);
			defaultConfigurationIsVisible = 0;
			defaultConfigurationName = Release;
		};
		5CB729722A557AC500B7FCD4 /* Build configuration list for PBXNativeTarget "ScrollViewDynamicBackground" */ = {
			isa = XCConfigurationList;
			buildConfigurations = (
				5CB729732A557AC500B7FCD4 /* Debug */,
				5CB729742A557AC500B7FCD4 /* Release */,
			);
			defaultConfigurationIsVisible = 0;
			defaultConfigurationName = Release;
		};
/* End XCConfigurationList section */
	};
	rootObject = 5CB7295C2A557AC400B7FCD4 /* Project object */;
}
